
Microsoft Visual Studio Solution File, Format Version 12.00
# Visual Studio Version 17
VisualStudioVersion = 17.10.35122.118
MinimumVisualStudioVersion = 10.0.40219.1
Project("{FAE04EC0-301F-11D3-BF4B-00C04F79EFBC}") = "Exam02", "Exam02.csproj", "{5B67FFA7-88B1-4563-9C7F-25D6B6403634}"
EndProject
Global
	GlobalSection(SolutionConfigurationPlatforms) = preSolution
		Debug|Any CPU = Debug|Any CPU
		Release|Any CPU = Release|Any CPU
	EndGlobalSection
	GlobalSection(ProjectConfigurationPlatforms) = postSolution
		{5B67FFA7-88B1-4563-9C7F-25D6B6403634}.Debug|Any CPU.ActiveCfg = Debug|Any CPU
		{5B67FFA7-88B1-4563-9C7F-25D6B6403634}.Debug|Any CPU.Build.0 = Debug|Any CPU
		{5B67FFA7-88B1-4563-9C7F-25D6B6403634}.Release|Any CPU.ActiveCfg = Release|Any CPU
		{5B67FFA7-88B1-4563-9C7F-25D6B6403634}.Release|Any CPU.Build.0 = Release|Any CPU
	EndGlobalSection
	GlobalSection(SolutionProperties) = preSolution
		HideSolutionNode = FALSE
	EndGlobalSection
	GlobalSection(ExtensibilityGlobals) = postSolution
		SolutionGuid = {0B89F5D9-64A7-4E2E-A629-59D3A42EDC52}
	EndGlobalSection
EndGlobal
